github.com/cloudfoundry/bytefmt v0.0.0-20200131002437-cf55d5288a48 h1:PEwjDh+JW/7GFGLMaqnHwDWz55OpQGW8fqHqSLiTU4E=
github.com/cloudfoundry/bytefmt v0.0.0-20200131002437-cf55d5288a48/go.mod h1:4oo6ExqTPaBVBwSm814h6UO5Fels1kN2KvpNscaCcS0=
github.com/fatih/color v1.9.0 h1:8xPHl4/q1VyqGIPif1F+1V3Y3lSmrq01EabUW3CoW5s=
github.com/fatih/color v1.9.0/go.mod h1:eQcE1qtQxscV5RaZvpXrrb8Drkc3/DdQ+uUYCNjL+zU=
github.com/kballard/go-shellquote v0.0.0-20180428030007-95032a82bc51 h1:Z9n2FFNUXsshfwJMBgNA0RU6/i7WVaAegv3PtuIHPMs=
github.com/kballard/go-shellquote v0.0.0-20180428030007-95032a82bc51/go.mod h1:CzGEWj7cYgsdH8dAjBGEr58BoE7ScuLd+fwFZ44+/x8=
github.com/loremdipso/fancy_printer v0.0.0-20200605023349-e213bcb72bc1/go.mod h1:E3tMggPwjBNktjH5j2NdwAOFGggpV/JxfFdJljQskJs=
github.com/loremdipso/fancy_printer v0.0.0-20200607222600-7279bdcaff3a h1:/phL8wdfZOgKXfGNkfzzZPA+VtcNthKSlsILG28JjwY=
github.com/loremdipso/fancy_printer v0.0.0-20200607222600-7279bdcaff3a/go.mod h1:E3tMggPwjBNktjH5j2NdwAOFGggpV/JxfFdJljQskJs=
github.com/loremdipso/go_utils v0.0.0-20200605022602-36d5c45b1a58/go.mod h1:haYxby7k3zMRVw5Qw51rqBBfqeUHLFNBpurESKOM6lE=
github.com/loremdipso/go_utils v0.0.0-20200606163401-979429af3913 h1:bJIoTP8duwHkOyeNvNM+TPmSRGls4Z8H3VBFfizFEXA=
github.com/loremdipso/go_utils v0.0.0-20200606163401-979429af3913/go.mod h1:haYxby7k3zMRVw5Qw51rqBBfqeUHLFNBpurESKOM6lE=
github.com/loremdipso/liner v1.3.0 h1:k8N/qIyzn6JDc8vuU7bRE4mVPAnUieYMlHH8mw573LQ=
github.com/loremdipso/liner v1.3.0/go.mod h1:nY0wdkKQlfmfdIdrEReHGdsI4BCc9yeXZsxjAjzHVS8=
github.com/mattn/go-colorable v0.1.4 h1:snbPLB8fVfU9iwbbo30TPtbLRzwWu6aJS6Xh4eaaviA=
github.com/mattn/go-colorable v0.1.4/go.mod h1:U0ppj6V5qS13XJ6of8GYAs25YV2eR4EVcfRqFIhoBtE=
github.com/mattn/go-isatty v0.0.8/go.mod h1:Iq45c/XA43vh69/j3iqttzPXn0bhXyGjM0Hdxcsrc5s=
github.com/mattn/go-isatty v0.0.11 h1:FxPOTFNqGkuDUGi3H/qkUbQO4ZiBa2brKq5r0l8TGeM=
github.com/mattn/go-isatty v0.0.11/go.mod h1:PhnuNfih5lzO57/f3n+odYbM4JtupLOxQOAqxQCu2WE=
github.com/mattn/go-runewidth v0.0.3 h1:a+kO+98RDGEfo6asOGMmpodZq4FNtnGP54yps8BzLR4=
github.com/mattn/go-runewidth v0.0.3/go.mod h1:LwmH8dsx7+W8Uxz3IHJYH5QSwggIsqBzpuz5H//U1FU=
github.com/mxschmitt/golang-combinations v1.0.0 h1:NFoO7CSP8MUcFlHpe1YdewKwMa15dgDbaqkVLC5DUPI=
github.com/mxschmitt/golang-combinations v1.0.0/go.mod h1:RbMhWvfCelHR6WROvT2bVfxJvZHoEvBj71SKe+H0MYU=
github.com/robpike/filter v0.0.0-20150108201509-2984852a2183 h1:qDhD/wJDGyWrXKLIKmEKpKK/ejaZlguyeEaLZzmrtzo=
github.com/robpike/filter v0.0.0-20150108201509-2984852a2183/go.mod h1:3dvYi47BCPInRb2ILlNnrXfl++XpwTWLbIxPyJsUvCw=
golang.org/x/crypto v0.0.0-20190308221718-c2843e01d9a2/go.mod h1:djNgcEr1/C05ACkg1iLfiJU5Ep61QUkGW8qpdssI0+w=
golang.org/x/crypto v0.0.0-20200604202706-70a84ac30bf9 h1:vEg9joUBmeBcK9iSJftGNf3coIG4HqZElCPehJsfAYM=
golang.org/x/crypto v0.0.0-20200604202706-70a84ac30bf9/go.mod h1:LzIPMQfyMNhhGPhUkYOs5KpL4U8rLKemX1yGLhDgUto=
golang.org/x/net v0.0.0-20190404232315-eb5bcb51f2a3/go.mod h1:t9HGtf8HONx5eT2rtn7q6eTqICYqUVnKs3thJo3Qplg=
golang.org/x/sys v0.0.0-20190215142949-d0b11bdaac8a/go.mod h1:STP8DvDyc/dI5b8T5hshtkjS+E42TnysNCUPdjciGhY=
golang.org/x/sys v0.0.0-20190222072716-a9d3bda3a223/go.mod h1:STP8DvDyc/dI5b8T5hshtkjS+E42TnysNCUPdjciGhY=
golang.org/x/sys v0.0.0-20190412213103-97732733099d/go.mod h1:h1NjWce9XRLGQEsW7wpKNCjG9DtNlClVuFLEZdDNbEs=
golang.org/x/sys v0.0.0-20191026070338-33540a1f6037 h1:YyJpGZS1sBuBCzLAR1VEpK193GlqGZbnPFnPV/5Rsb4=
golang.org/x/sys v0.0.0-20191026070338-33540a1f6037/go.mod h1:h1NjWce9XRLGQEsW7wpKNCjG9DtNlClVuFLEZdDNbEs=
golang.org/x/text v0.3.0/go.mod h1:NqM8EUOU14njkJ3fqMW+pc6Ldnwhi/IjpwHt7yyuwOQ=
