github.com/cloudfoundry/bytefmt v0.0.0-20200131002437-cf55d5288a48 h1:PEwjDh+JW/7GFGLMaqnHwDWz55OpQGW8fqHqSLiTU4E=
github.com/cloudfoundry/bytefmt v0.0.0-20200131002437-cf55d5288a48/go.mod h1:4oo6ExqTPaBVBwSm814h6UO5Fels1kN2KvpNscaCcS0=
github.com/fatih/color v1.9.0 h1:8xPHl4/q1VyqGIPif1F+1V3Y3lSmrq01EabUW3CoW5s=
github.com/fatih/color v1.9.0/go.mod h1:eQcE1qtQxscV5RaZvpXrrb8Drkc3/DdQ+uUYCNjL+zU=
github.com/karrick/godirwalk v1.15.6 h1:Yf2mmR8TJy+8Fa0SuQVto5SYap6IF7lNVX4Jdl8G1qA=
github.com/karrick/godirwalk v1.15.6/go.mod h1:j4mkqPuvaLI8mp1DroR3P6ad7cyYd4c1qeJ3RV7ULlk=
github.com/kballard/go-shellquote v0.0.0-20180428030007-95032a82bc51 h1:Z9n2FFNUXsshfwJMBgNA0RU6/i7WVaAegv3PtuIHPMs=
github.com/kballard/go-shellquote v0.0.0-20180428030007-95032a82bc51/go.mod h1:CzGEWj7cYgsdH8dAjBGEr58BoE7ScuLd+fwFZ44+/x8=
github.com/loremdipso/fancy_printer v0.0.0-20200605023349-e213bcb72bc1 h1:ta/UFRgEhpOe0yl2fs30kpxUFswmyBAp3rniQny3C1E=
github.com/loremdipso/fancy_printer v0.0.0-20200605023349-e213bcb72bc1/go.mod h1:E3tMggPwjBNktjH5j2NdwAOFGggpV/JxfFdJljQskJs=
github.com/loremdipso/go_utils v0.0.0-20200605022602-36d5c45b1a58 h1:7nGt3giH5huxWosLZaeVL5VDsGnIxjFRiQXPtbE76j4=
github.com/loremdipso/go_utils v0.0.0-20200605022602-36d5c45b1a58/go.mod h1:haYxby7k3zMRVw5Qw51rqBBfqeUHLFNBpurESKOM6lE=
github.com/loremdipso/go_utils v0.0.0-20200605022602-979429af3913 h1:7nGt3giH5huxWosLZaeVL5VDsGnIxjFRiQXPtbE76j4=
github.com/loremdipso/go_utils v0.0.0-20200605022602-979429af3913/go.mod h1:haYxby7k3zMRVw5Qw51rqBBfqeUHLFNBpurESKOM6lE=
github.com/loremdipso/go_utils v0.0.0-20200606163401-979429af3913 h1:bJIoTP8duwHkOyeNvNM+TPmSRGls4Z8H3VBFfizFEXA=
github.com/loremdipso/go_utils v0.0.0-20200606163401-979429af3913/go.mod h1:haYxby7k3zMRVw5Qw51rqBBfqeUHLFNBpurESKOM6lE=
github.com/loremdipso/liner v1.3.0 h1:k8N/qIyzn6JDc8vuU7bRE4mVPAnUieYMlHH8mw573LQ=
github.com/loremdipso/liner v1.3.0/go.mod h1:nY0wdkKQlfmfdIdrEReHGdsI4BCc9yeXZsxjAjzHVS8=
github.com/mattn/go-colorable v0.1.4 h1:snbPLB8fVfU9iwbbo30TPtbLRzwWu6aJS6Xh4eaaviA=
github.com/mattn/go-colorable v0.1.4/go.mod h1:U0ppj6V5qS13XJ6of8GYAs25YV2eR4EVcfRqFIhoBtE=
github.com/mattn/go-isatty v0.0.8/go.mod h1:Iq45c/XA43vh69/j3iqttzPXn0bhXyGjM0Hdxcsrc5s=
github.com/mattn/go-isatty v0.0.11 h1:FxPOTFNqGkuDUGi3H/qkUbQO4ZiBa2brKq5r0l8TGeM=
github.com/mattn/go-isatty v0.0.11/go.mod h1:PhnuNfih5lzO57/f3n+odYbM4JtupLOxQOAqxQCu2WE=
github.com/mattn/go-runewidth v0.0.3 h1:a+kO+98RDGEfo6asOGMmpodZq4FNtnGP54yps8BzLR4=
github.com/mattn/go-runewidth v0.0.3/go.mod h1:LwmH8dsx7+W8Uxz3IHJYH5QSwggIsqBzpuz5H//U1FU=
github.com/nsf/termbox-go v0.0.0-20200418040025-38ba6e5628f1/go.mod h1:IuKpRQcYE1Tfu+oAQqaLisqDeXgjyyltCfsaoYN18NQ=
github.com/robpike/filter v0.0.0-20150108201509-2984852a2183 h1:qDhD/wJDGyWrXKLIKmEKpKK/ejaZlguyeEaLZzmrtzo=
github.com/robpike/filter v0.0.0-20150108201509-2984852a2183/go.mod h1:3dvYi47BCPInRb2ILlNnrXfl++XpwTWLbIxPyJsUvCw=
github.com/tidwall/btree v0.0.0-20191029221954-400434d76274 h1:G6Z6HvJuPjG6XfNGi/feOATzeJrfgTNJY+rGrHbA04E=
github.com/tidwall/btree v0.0.0-20191029221954-400434d76274/go.mod h1:huei1BkDWJ3/sLXmO+bsCNELL+Bp2Kks9OLyQFkzvA8=
github.com/tidwall/buntdb v1.1.2 h1:noCrqQXL9EKMtcdwJcmuVKSEjqu1ua99RHHgbLTEHRo=
github.com/tidwall/buntdb v1.1.2/go.mod h1:xAzi36Hir4FarpSHyfuZ6JzPJdjRZ8QlLZSntE2mqlI=
github.com/tidwall/gjson v1.3.4 h1:On5waDnyKKk3SWE4EthbjjirAWXp43xx5cKCUZY1eZw=
github.com/tidwall/gjson v1.3.4/go.mod h1:P256ACg0Mn+j1RXIDXoss50DeIABTYK1PULOJHhxOls=
github.com/tidwall/grect v0.0.0-20161006141115-ba9a043346eb h1:5NSYaAdrnblKByzd7XByQEJVT8+9v0W/tIY0Oo4OwrE=
github.com/tidwall/grect v0.0.0-20161006141115-ba9a043346eb/go.mod h1:lKYYLFIr9OIgdgrtgkZ9zgRxRdvPYsExnYBsEAd8W5M=
github.com/tidwall/match v1.0.1 h1:PnKP62LPNxHKTwvHHZZzdOAOCtsJTjo6dZLCwpKm5xc=
github.com/tidwall/match v1.0.1/go.mod h1:LujAq0jyVjBy028G1WhWfIzbpQfMO8bBZ6Tyb0+pL9E=
github.com/tidwall/pretty v1.0.0 h1:HsD+QiTn7sK6flMKIvNmpqz1qrpP3Ps6jOKIKMooyg4=
github.com/tidwall/pretty v1.0.0/go.mod h1:XNkn88O1ChpSDQmQeStsy+sBenx6DDtFZJxhVysOjyk=
github.com/tidwall/rtree v0.0.0-20180113144539-6cd427091e0e h1:+NL1GDIUOKxVfbp2KoJQD9cTQ6dyP2co9q4yzmT9FZo=
github.com/tidwall/rtree v0.0.0-20180113144539-6cd427091e0e/go.mod h1:/h+UnNGt0IhNNJLkGikcdcJqm66zGD/uJGMRxK/9+Ao=
github.com/tidwall/tinyqueue v0.0.0-20180302190814-1e39f5511563 h1:Otn9S136ELckZ3KKDyCkxapfufrqDqwmGjcHfAyXRrE=
github.com/tidwall/tinyqueue v0.0.0-20180302190814-1e39f5511563/go.mod h1:mLqSmt7Dv/CNneF2wfcChfN1rvapyQr01LGKnKex0DQ=
golang.org/x/crypto v0.0.0-20190308221718-c2843e01d9a2/go.mod h1:djNgcEr1/C05ACkg1iLfiJU5Ep61QUkGW8qpdssI0+w=
golang.org/x/crypto v0.0.0-20200604202706-70a84ac30bf9 h1:vEg9joUBmeBcK9iSJftGNf3coIG4HqZElCPehJsfAYM=
golang.org/x/crypto v0.0.0-20200604202706-70a84ac30bf9/go.mod h1:LzIPMQfyMNhhGPhUkYOs5KpL4U8rLKemX1yGLhDgUto=
golang.org/x/net v0.0.0-20190404232315-eb5bcb51f2a3/go.mod h1:t9HGtf8HONx5eT2rtn7q6eTqICYqUVnKs3thJo3Qplg=
golang.org/x/sys v0.0.0-20190215142949-d0b11bdaac8a/go.mod h1:STP8DvDyc/dI5b8T5hshtkjS+E42TnysNCUPdjciGhY=
golang.org/x/sys v0.0.0-20190222072716-a9d3bda3a223/go.mod h1:STP8DvDyc/dI5b8T5hshtkjS+E42TnysNCUPdjciGhY=
golang.org/x/sys v0.0.0-20190412213103-97732733099d/go.mod h1:h1NjWce9XRLGQEsW7wpKNCjG9DtNlClVuFLEZdDNbEs=
golang.org/x/sys v0.0.0-20191026070338-33540a1f6037 h1:YyJpGZS1sBuBCzLAR1VEpK193GlqGZbnPFnPV/5Rsb4=
golang.org/x/sys v0.0.0-20191026070338-33540a1f6037/go.mod h1:h1NjWce9XRLGQEsW7wpKNCjG9DtNlClVuFLEZdDNbEs=
golang.org/x/text v0.3.0/go.mod h1:NqM8EUOU14njkJ3fqMW+pc6Ldnwhi/IjpwHt7yyuwOQ=
